
Microsoft Visual Studio Solution File, Format Version 12.00
# Visual Studio 15
VisualStudioVersion = 15.0.27428.2037
MinimumVisualStudioVersion = 10.0.40219.1
Project("{FAE04EC0-301F-11D3-BF4B-00C04F79EFBC}") = "GSQ.CrawlerSYS.BLL", "GSQ.CrawlerSYS.BLL\GSQ.CrawlerSYS.BLL.csproj", "{3160A676-9232-461C-9458-140F16527D8E}"
EndProject
Project("{FAE04EC0-301F-11D3-BF4B-00C04F79EFBC}") = "GSQ.CrawlerSYS.DAL", "GSQ.CrawlerSYS.DAL\GSQ.CrawlerSYS.DAL.csproj", "{4A40A2C9-42C2-4D1D-B15E-DB004DEF4550}"
EndProject
Project("{FAE04EC0-301F-11D3-BF4B-00C04F79EFBC}") = "GSQ.CrawlerSYS.Model", "GSQ.CrawlerSYS.Model\GSQ.CrawlerSYS.Model.csproj", "{7456558E-4E5B-4857-94E0-654D23D24047}"
EndProject
Project("{2150E333-8FDC-42A3-9474-1A3956D46DE8}") = "页面展示", "页面展示", "{17DD8BB6-0535-43D1-B323-7C84A621CAC5}"
EndProject
Project("{2150E333-8FDC-42A3-9474-1A3956D46DE8}") = "业务逻辑", "业务逻辑", "{3C160D72-2423-4653-807B-C36E7ECD337A}"
EndProject
Project("{2150E333-8FDC-42A3-9474-1A3956D46DE8}") = "数据处理", "数据处理", "{C67875CB-D9A1-4C3A-86B3-CE64E23B2EEF}"
EndProject
Project("{2150E333-8FDC-42A3-9474-1A3956D46DE8}") = "公用方法", "公用方法", "{2C12FEC0-F142-40A3-A498-0796794D7320}"
EndProject
Project("{FAE04EC0-301F-11D3-BF4B-00C04F79EFBC}") = "GSQ.CrawlerSYS.CommonLib", "GSQ.CrawlerSYS.CommonLib\GSQ.CrawlerSYS.CommonLib.csproj", "{A939E69F-593A-4AFE-81AB-CEC675BCDA81}"
EndProject
Project("{FAE04EC0-301F-11D3-BF4B-00C04F79EFBC}") = "GSQ.CrawlerSYS.FormApp", "GSQ.CrawlerSYS.FormApp\GSQ.CrawlerSYS.FormApp.csproj", "{6B44F13D-1A94-4610-AD79-826EDC5BC4AF}"
EndProject
Project("{FAE04EC0-301F-11D3-BF4B-00C04F79EFBC}") = "NanUiTableData", "NanUiTableData\NanUiTableData.csproj", "{A10B984E-0A2F-4A1F-A5F6-C078343D23A4}"
EndProject
Global
	GlobalSection(SolutionConfigurationPlatforms) = preSolution
		Debug|Any CPU = Debug|Any CPU
		Debug|x86 = Debug|x86
		Release|Any CPU = Release|Any CPU
		Release|x86 = Release|x86
	EndGlobalSection
	GlobalSection(ProjectConfigurationPlatforms) = postSolution
		{3160A676-9232-461C-9458-140F16527D8E}.Debug|Any CPU.ActiveCfg = Debug|Any CPU
		{3160A676-9232-461C-9458-140F16527D8E}.Debug|Any CPU.Build.0 = Debug|Any CPU
		{3160A676-9232-461C-9458-140F16527D8E}.Debug|x86.ActiveCfg = Debug|Any CPU
		{3160A676-9232-461C-9458-140F16527D8E}.Debug|x86.Build.0 = Debug|Any CPU
		{3160A676-9232-461C-9458-140F16527D8E}.Release|Any CPU.ActiveCfg = Release|Any CPU
		{3160A676-9232-461C-9458-140F16527D8E}.Release|Any CPU.Build.0 = Release|Any CPU
		{3160A676-9232-461C-9458-140F16527D8E}.Release|x86.ActiveCfg = Release|Any CPU
		{3160A676-9232-461C-9458-140F16527D8E}.Release|x86.Build.0 = Release|Any CPU
		{4A40A2C9-42C2-4D1D-B15E-DB004DEF4550}.Debug|Any CPU.ActiveCfg = Debug|Any CPU
		{4A40A2C9-42C2-4D1D-B15E-DB004DEF4550}.Debug|Any CPU.Build.0 = Debug|Any CPU
		{4A40A2C9-42C2-4D1D-B15E-DB004DEF4550}.Debug|x86.ActiveCfg = Debug|Any CPU
		{4A40A2C9-42C2-4D1D-B15E-DB004DEF4550}.Debug|x86.Build.0 = Debug|Any CPU
		{4A40A2C9-42C2-4D1D-B15E-DB004DEF4550}.Release|Any CPU.ActiveCfg = Release|Any CPU
		{4A40A2C9-42C2-4D1D-B15E-DB004DEF4550}.Release|Any CPU.Build.0 = Release|Any CPU
		{4A40A2C9-42C2-4D1D-B15E-DB004DEF4550}.Release|x86.ActiveCfg = Release|Any CPU
		{4A40A2C9-42C2-4D1D-B15E-DB004DEF4550}.Release|x86.Build.0 = Release|Any CPU
		{7456558E-4E5B-4857-94E0-654D23D24047}.Debug|Any CPU.ActiveCfg = Debug|Any CPU
		{7456558E-4E5B-4857-94E0-654D23D24047}.Debug|Any CPU.Build.0 = Debug|Any CPU
		{7456558E-4E5B-4857-94E0-654D23D24047}.Debug|x86.ActiveCfg = Debug|Any CPU
		{7456558E-4E5B-4857-94E0-654D23D24047}.Debug|x86.Build.0 = Debug|Any CPU
		{7456558E-4E5B-4857-94E0-654D23D24047}.Release|Any CPU.ActiveCfg = Release|Any CPU
		{7456558E-4E5B-4857-94E0-654D23D24047}.Release|Any CPU.Build.0 = Release|Any CPU
		{7456558E-4E5B-4857-94E0-654D23D24047}.Release|x86.ActiveCfg = Release|Any CPU
		{7456558E-4E5B-4857-94E0-654D23D24047}.Release|x86.Build.0 = Release|Any CPU
		{A939E69F-593A-4AFE-81AB-CEC675BCDA81}.Debug|Any CPU.ActiveCfg = Debug|Any CPU
		{A939E69F-593A-4AFE-81AB-CEC675BCDA81}.Debug|Any CPU.Build.0 = Debug|Any CPU
		{A939E69F-593A-4AFE-81AB-CEC675BCDA81}.Debug|x86.ActiveCfg = Debug|Any CPU
		{A939E69F-593A-4AFE-81AB-CEC675BCDA81}.Debug|x86.Build.0 = Debug|Any CPU
		{A939E69F-593A-4AFE-81AB-CEC675BCDA81}.Release|Any CPU.ActiveCfg = Release|Any CPU
		{A939E69F-593A-4AFE-81AB-CEC675BCDA81}.Release|Any CPU.Build.0 = Release|Any CPU
		{A939E69F-593A-4AFE-81AB-CEC675BCDA81}.Release|x86.ActiveCfg = Release|Any CPU
		{A939E69F-593A-4AFE-81AB-CEC675BCDA81}.Release|x86.Build.0 = Release|Any CPU
		{6B44F13D-1A94-4610-AD79-826EDC5BC4AF}.Debug|Any CPU.ActiveCfg = Debug|Any CPU
		{6B44F13D-1A94-4610-AD79-826EDC5BC4AF}.Debug|Any CPU.Build.0 = Debug|Any CPU
		{6B44F13D-1A94-4610-AD79-826EDC5BC4AF}.Debug|x86.ActiveCfg = Debug|Any CPU
		{6B44F13D-1A94-4610-AD79-826EDC5BC4AF}.Debug|x86.Build.0 = Debug|Any CPU
		{6B44F13D-1A94-4610-AD79-826EDC5BC4AF}.Release|Any CPU.ActiveCfg = Release|Any CPU
		{6B44F13D-1A94-4610-AD79-826EDC5BC4AF}.Release|Any CPU.Build.0 = Release|Any CPU
		{6B44F13D-1A94-4610-AD79-826EDC5BC4AF}.Release|x86.ActiveCfg = Release|Any CPU
		{6B44F13D-1A94-4610-AD79-826EDC5BC4AF}.Release|x86.Build.0 = Release|Any CPU
		{A10B984E-0A2F-4A1F-A5F6-C078343D23A4}.Debug|Any CPU.ActiveCfg = Debug|Any CPU
		{A10B984E-0A2F-4A1F-A5F6-C078343D23A4}.Debug|Any CPU.Build.0 = Debug|Any CPU
		{A10B984E-0A2F-4A1F-A5F6-C078343D23A4}.Debug|x86.ActiveCfg = Debug|x86
		{A10B984E-0A2F-4A1F-A5F6-C078343D23A4}.Debug|x86.Build.0 = Debug|x86
		{A10B984E-0A2F-4A1F-A5F6-C078343D23A4}.Release|Any CPU.ActiveCfg = Release|Any CPU
		{A10B984E-0A2F-4A1F-A5F6-C078343D23A4}.Release|Any CPU.Build.0 = Release|Any CPU
		{A10B984E-0A2F-4A1F-A5F6-C078343D23A4}.Release|x86.ActiveCfg = Release|x86
		{A10B984E-0A2F-4A1F-A5F6-C078343D23A4}.Release|x86.Build.0 = Release|x86
	EndGlobalSection
	GlobalSection(SolutionProperties) = preSolution
		HideSolutionNode = FALSE
	EndGlobalSection
	GlobalSection(NestedProjects) = preSolution
		{3160A676-9232-461C-9458-140F16527D8E} = {3C160D72-2423-4653-807B-C36E7ECD337A}
		{4A40A2C9-42C2-4D1D-B15E-DB004DEF4550} = {C67875CB-D9A1-4C3A-86B3-CE64E23B2EEF}
		{7456558E-4E5B-4857-94E0-654D23D24047} = {C67875CB-D9A1-4C3A-86B3-CE64E23B2EEF}
		{A939E69F-593A-4AFE-81AB-CEC675BCDA81} = {2C12FEC0-F142-40A3-A498-0796794D7320}
		{6B44F13D-1A94-4610-AD79-826EDC5BC4AF} = {17DD8BB6-0535-43D1-B323-7C84A621CAC5}
		{A10B984E-0A2F-4A1F-A5F6-C078343D23A4} = {17DD8BB6-0535-43D1-B323-7C84A621CAC5}
	EndGlobalSection
	GlobalSection(ExtensibilityGlobals) = postSolution
		SolutionGuid = {021E48CE-74E4-4B6D-A4C1-E85447859EE8}
	EndGlobalSection
EndGlobal
